
Microsoft Visual Studio Solution File, Format Version 12.00
# Visual Studio Version 17
VisualStudioVersion = 17.13.35919.96 d17.13
MinimumVisualStudioVersion = 10.0.40219.1
Project("{FAE04EC0-301F-11D3-BF4B-00C04F79EFBC}") = "DB-WIFI-Scanner", "DB-WIFI-Scanner.csproj", "{537858E3-90A0-4340-947E-2A230B14BD30}"
EndProject
Global
	GlobalSection(SolutionConfigurationPlatforms) = preSolution
		Debug|Any CPU = Debug|Any CPU
		Release|Any CPU = Release|Any CPU
	EndGlobalSection
	GlobalSection(ProjectConfigurationPlatforms) = postSolution
		{537858E3-90A0-4340-947E-2A230B14BD30}.Debug|Any CPU.ActiveCfg = Debug|Any CPU
		{537858E3-90A0-4340-947E-2A230B14BD30}.Debug|Any CPU.Build.0 = Debug|Any CPU
		{537858E3-90A0-4340-947E-2A230B14BD30}.Release|Any CPU.ActiveCfg = Release|Any CPU
		{537858E3-90A0-4340-947E-2A230B14BD30}.Release|Any CPU.Build.0 = Release|Any CPU
	EndGlobalSection
	GlobalSection(SolutionProperties) = preSolution
		HideSolutionNode = FALSE
	EndGlobalSection
	GlobalSection(ExtensibilityGlobals) = postSolution
		SolutionGuid = {57486F61-8C5B-40DA-B020-E13DC0849F22}
	EndGlobalSection
EndGlobal
